// !$*UTF8*$!
{
	archiveVersion = 1;
	classes = {
	};
	objectVersion = 56;
	objects = {

/* Begin PBXBuildFile section */
		4F15570629E5DDC800B16345 /* CutsceneView.swift in Sources */ = {isa = PBXBuildFile; fileRef = 4F15570529E5DDC800B16345 /* CutsceneView.swift */; };
		4F49109129F6A9610071BA0E /* IntroCutscene02.swift in Sources */ = {isa = PBXBuildFile; fileRef = 4F49108E29F6A9610071BA0E /* IntroCutscene02.swift */; };
		4F49109229F6A9610071BA0E /* IntroCutscene03.swift in Sources */ = {isa = PBXBuildFile; fileRef = 4F49108F29F6A9610071BA0E /* IntroCutscene03.swift */; };
		4F49109329F6A9610071BA0E /* IntroCutscene04.swift in Sources */ = {isa = PBXBuildFile; fileRef = 4F49109029F6A9610071BA0E /* IntroCutscene04.swift */; };
		4FB4411A29E448EE002F6CC2 /* CockpitView.swift in Sources */ = {isa = PBXBuildFile; fileRef = 4FB4411929E448EE002F6CC2 /* CockpitView.swift */; };
		4FB4411C29E44A04002F6CC2 /* CockpitRepresentable.swift in Sources */ = {isa = PBXBuildFile; fileRef = 4FB4411B29E44A04002F6CC2 /* CockpitRepresentable.swift */; };
		4FB4411F29E44B6E002F6CC2 /* CockpitViewController.swift in Sources */ = {isa = PBXBuildFile; fileRef = 4FB4411E29E44B6E002F6CC2 /* CockpitViewController.swift */; };
		4FB4412929E44DF4002F6CC2 /* GameScene.swift in Sources */ = {isa = PBXBuildFile; fileRef = 4FB4412829E44DF4002F6CC2 /* GameScene.swift */; };
		4FB4412D29E45271002F6CC2 /* ViewCodeProtocol.swift in Sources */ = {isa = PBXBuildFile; fileRef = 4FB4412C29E45271002F6CC2 /* ViewCodeProtocol.swift */; };
		4FC8658A29E9990C00488FAE /* mySound.m4a in Resources */ = {isa = PBXBuildFile; fileRef = 4FC8658929E9990C00488FAE /* mySound.m4a */; };
		4FC97E9229F8156600D1B35D /* KaunaGesture.swift in Sources */ = {isa = PBXBuildFile; fileRef = 4FC97E9129F8156600D1B35D /* KaunaGesture.swift */; };
		4FDC130629E58887002FA49F /* StartScreen.swift in Sources */ = {isa = PBXBuildFile; fileRef = 4FDC130529E58887002FA49F /* StartScreen.swift */; };
		4FDC130D29E59E5E002FA49F /* Coustard-Black.ttf in Resources */ = {isa = PBXBuildFile; fileRef = 4FDC130B29E59E5E002FA49F /* Coustard-Black.ttf */; };
		4FDC130E29E59E5E002FA49F /* Coustard-Regular.ttf in Resources */ = {isa = PBXBuildFile; fileRef = 4FDC130C29E59E5E002FA49F /* Coustard-Regular.ttf */; };
		4FE52D6329F945D2000EFE59 /* TutorialRuneView.swift in Sources */ = {isa = PBXBuildFile; fileRef = 4FE52D6229F945D2000EFE59 /* TutorialRuneView.swift */; };
		4FE52D6529F94D40000EFE59 /* NotoSans-Regular.ttf in Resources */ = {isa = PBXBuildFile; fileRef = 4FE52D6429F94D40000EFE59 /* NotoSans-Regular.ttf */; };
		4FEEE0EE29F7FC160092A6F5 /* SowiluGesture.swift in Sources */ = {isa = PBXBuildFile; fileRef = 4FEEE0ED29F7FC160092A6F5 /* SowiluGesture.swift */; };
		4FEEE0F029F7FEB30092A6F5 /* UruzGesture.swift in Sources */ = {isa = PBXBuildFile; fileRef = 4FEEE0EF29F7FEB30092A6F5 /* UruzGesture.swift */; };
		4FEFF32529E642A40046BAA2 /* IntroCutscene01.swift in Sources */ = {isa = PBXBuildFile; fileRef = 4FEFF32429E642A40046BAA2 /* IntroCutscene01.swift */; };
		8504BB2D29E6509F00692D15 /* CoreDataStorageTests.swift in Sources */ = {isa = PBXBuildFile; fileRef = 8504BB2C29E6509F00692D15 /* CoreDataStorageTests.swift */; };
		85D8693129E597FB0073DCF4 /* StateDatabase.xcdatamodeld in Sources */ = {isa = PBXBuildFile; fileRef = 85D8692F29E597FB0073DCF4 /* StateDatabase.xcdatamodeld */; };
		85D8693529E59ACF0073DCF4 /* StorageProtocol.swift in Sources */ = {isa = PBXBuildFile; fileRef = 85D8693429E59ACF0073DCF4 /* StorageProtocol.swift */; };
		85D8693729E59B390073DCF4 /* GameStateEntity.swift in Sources */ = {isa = PBXBuildFile; fileRef = 85D8693629E59B390073DCF4 /* GameStateEntity.swift */; };
		85D8693929E59B410073DCF4 /* RuneEntity.swift in Sources */ = {isa = PBXBuildFile; fileRef = 85D8693829E59B410073DCF4 /* RuneEntity.swift */; };
		85D8693B29E59C460073DCF4 /* CoreDataPersistentContainer.swift in Sources */ = {isa = PBXBuildFile; fileRef = 85D8693A29E59C460073DCF4 /* CoreDataPersistentContainer.swift */; };
		85D8693E29E59D590073DCF4 /* CoreDataStorage.swift in Sources */ = {isa = PBXBuildFile; fileRef = 85D8693D29E59D590073DCF4 /* CoreDataStorage.swift */; };
		85D8694029E59E670073DCF4 /* AddGameStateUseCase.swift in Sources */ = {isa = PBXBuildFile; fileRef = 85D8693F29E59E670073DCF4 /* AddGameStateUseCase.swift */; };
		85D8694229E59F1E0073DCF4 /* AddRuneUseCase.swift in Sources */ = {isa = PBXBuildFile; fileRef = 85D8694129E59F1E0073DCF4 /* AddRuneUseCase.swift */; };
		85D8694429E59F3A0073DCF4 /* RemoveGameStateUseCase.swift in Sources */ = {isa = PBXBuildFile; fileRef = 85D8694329E59F3A0073DCF4 /* RemoveGameStateUseCase.swift */; };
		85D8694629E59F4F0073DCF4 /* UpdateGameStateUseCase.swift in Sources */ = {isa = PBXBuildFile; fileRef = 85D8694529E59F4F0073DCF4 /* UpdateGameStateUseCase.swift */; };
		85D8694A29E59F8D0073DCF4 /* UpdateRuneUseCase.swift in Sources */ = {isa = PBXBuildFile; fileRef = 85D8694929E59F8D0073DCF4 /* UpdateRuneUseCase.swift */; };
		85D8694C29E59F970073DCF4 /* RemoveRuneUseCase.swift in Sources */ = {isa = PBXBuildFile; fileRef = 85D8694B29E59F970073DCF4 /* RemoveRuneUseCase.swift */; };
		85D8694E29E5A0960073DCF4 /* StateRepository.swift in Sources */ = {isa = PBXBuildFile; fileRef = 85D8694D29E5A0960073DCF4 /* StateRepository.swift */; };
		85D8695D29E5A93E0073DCF4 /* ReadGameStateUseCase.swift in Sources */ = {isa = PBXBuildFile; fileRef = 85D8695C29E5A93E0073DCF4 /* ReadGameStateUseCase.swift */; };
		85D8695F29E5A9480073DCF4 /* ReadRuneUseCase.swift in Sources */ = {isa = PBXBuildFile; fileRef = 85D8695E29E5A9480073DCF4 /* ReadRuneUseCase.swift */; };
		85F3A31A29DAFCA90097579B /* LyraApp.swift in Sources */ = {isa = PBXBuildFile; fileRef = 85F3A31929DAFCA90097579B /* LyraApp.swift */; };
		85F3A31C29DAFCA90097579B /* ContentView.swift in Sources */ = {isa = PBXBuildFile; fileRef = 85F3A31B29DAFCA90097579B /* ContentView.swift */; };
		85F3A31E29DAFCAB0097579B /* Assets.xcassets in Resources */ = {isa = PBXBuildFile; fileRef = 85F3A31D29DAFCAB0097579B /* Assets.xcassets */; };
		85F3A32129DAFCAB0097579B /* Preview Assets.xcassets in Resources */ = {isa = PBXBuildFile; fileRef = 85F3A32029DAFCAB0097579B /* Preview Assets.xcassets */; };
		85F3A32B29DAFCAB0097579B /* LyraTests.swift in Sources */ = {isa = PBXBuildFile; fileRef = 85F3A32A29DAFCAB0097579B /* LyraTests.swift */; };
		85F3A33529DAFCAB0097579B /* LyraUITests.swift in Sources */ = {isa = PBXBuildFile; fileRef = 85F3A33429DAFCAB0097579B /* LyraUITests.swift */; };
		85F3A33729DAFCAB0097579B /* LyraUITestsLaunchTests.swift in Sources */ = {isa = PBXBuildFile; fileRef = 85F3A33629DAFCAB0097579B /* LyraUITestsLaunchTests.swift */; };
		B96311C729E588890006944B /* LevelsView.swift in Sources */ = {isa = PBXBuildFile; fileRef = B96311C629E588890006944B /* LevelsView.swift */; };
		B98CF63029E96FFF005EF304 /* LevelsViewModel.swift in Sources */ = {isa = PBXBuildFile; fileRef = B98CF62F29E96FFF005EF304 /* LevelsViewModel.swift */; };
/* End PBXBuildFile section */

/* Begin PBXContainerItemProxy section */
		85F3A32729DAFCAB0097579B /* PBXContainerItemProxy */ = {
			isa = PBXContainerItemProxy;
			containerPortal = 85F3A30E29DAFCA90097579B /* Project object */;
			proxyType = 1;
			remoteGlobalIDString = 85F3A31529DAFCA90097579B;
			remoteInfo = Lyra;
		};
		85F3A33129DAFCAB0097579B /* PBXContainerItemProxy */ = {
			isa = PBXContainerItemProxy;
			containerPortal = 85F3A30E29DAFCA90097579B /* Project object */;
			proxyType = 1;
			remoteGlobalIDString = 85F3A31529DAFCA90097579B;
			remoteInfo = Lyra;
		};
/* End PBXContainerItemProxy section */

/* Begin PBXFileReference section */
		4F15570529E5DDC800B16345 /* CutsceneView.swift */ = {isa = PBXFileReference; lastKnownFileType = sourcecode.swift; path = CutsceneView.swift; sourceTree = "<group>"; };
		4F49108E29F6A9610071BA0E /* IntroCutscene02.swift */ = {isa = PBXFileReference; lastKnownFileType = sourcecode.swift; path = IntroCutscene02.swift; sourceTree = "<group>"; };
		4F49108F29F6A9610071BA0E /* IntroCutscene03.swift */ = {isa = PBXFileReference; lastKnownFileType = sourcecode.swift; path = IntroCutscene03.swift; sourceTree = "<group>"; };
		4F49109029F6A9610071BA0E /* IntroCutscene04.swift */ = {isa = PBXFileReference; lastKnownFileType = sourcecode.swift; path = IntroCutscene04.swift; sourceTree = "<group>"; };
		4FB4411929E448EE002F6CC2 /* CockpitView.swift */ = {isa = PBXFileReference; lastKnownFileType = sourcecode.swift; path = CockpitView.swift; sourceTree = "<group>"; };
		4FB4411B29E44A04002F6CC2 /* CockpitRepresentable.swift */ = {isa = PBXFileReference; lastKnownFileType = sourcecode.swift; path = CockpitRepresentable.swift; sourceTree = "<group>"; };
		4FB4411E29E44B6E002F6CC2 /* CockpitViewController.swift */ = {isa = PBXFileReference; lastKnownFileType = sourcecode.swift; path = CockpitViewController.swift; sourceTree = "<group>"; };
		4FB4412829E44DF4002F6CC2 /* GameScene.swift */ = {isa = PBXFileReference; lastKnownFileType = sourcecode.swift; path = GameScene.swift; sourceTree = "<group>"; };
		4FB4412C29E45271002F6CC2 /* ViewCodeProtocol.swift */ = {isa = PBXFileReference; lastKnownFileType = sourcecode.swift; path = ViewCodeProtocol.swift; sourceTree = "<group>"; };
		4FC8658929E9990C00488FAE /* mySound.m4a */ = {isa = PBXFileReference; lastKnownFileType = file; path = mySound.m4a; sourceTree = "<group>"; };
		4FC97E9129F8156600D1B35D /* KaunaGesture.swift */ = {isa = PBXFileReference; lastKnownFileType = sourcecode.swift; path = KaunaGesture.swift; sourceTree = "<group>"; };
		4FDC130529E58887002FA49F /* StartScreen.swift */ = {isa = PBXFileReference; lastKnownFileType = sourcecode.swift; path = StartScreen.swift; sourceTree = "<group>"; };
		4FDC130A29E59D69002FA49F /* Info.plist */ = {isa = PBXFileReference; lastKnownFileType = text.plist; path = Info.plist; sourceTree = "<group>"; };
		4FDC130B29E59E5E002FA49F /* Coustard-Black.ttf */ = {isa = PBXFileReference; lastKnownFileType = file; path = "Coustard-Black.ttf"; sourceTree = "<group>"; };
		4FDC130C29E59E5E002FA49F /* Coustard-Regular.ttf */ = {isa = PBXFileReference; lastKnownFileType = file; path = "Coustard-Regular.ttf"; sourceTree = "<group>"; };
		4FE52D6229F945D2000EFE59 /* TutorialRuneView.swift */ = {isa = PBXFileReference; lastKnownFileType = sourcecode.swift; path = TutorialRuneView.swift; sourceTree = "<group>"; };
		4FE52D6429F94D40000EFE59 /* NotoSans-Regular.ttf */ = {isa = PBXFileReference; lastKnownFileType = file; path = "NotoSans-Regular.ttf"; sourceTree = "<group>"; };
		4FEEE0ED29F7FC160092A6F5 /* SowiluGesture.swift */ = {isa = PBXFileReference; lastKnownFileType = sourcecode.swift; path = SowiluGesture.swift; sourceTree = "<group>"; };
		4FEEE0EF29F7FEB30092A6F5 /* UruzGesture.swift */ = {isa = PBXFileReference; lastKnownFileType = sourcecode.swift; path = UruzGesture.swift; sourceTree = "<group>"; };
		4FEFF32429E642A40046BAA2 /* IntroCutscene01.swift */ = {isa = PBXFileReference; lastKnownFileType = sourcecode.swift; path = IntroCutscene01.swift; sourceTree = "<group>"; };
		8504BB2C29E6509F00692D15 /* CoreDataStorageTests.swift */ = {isa = PBXFileReference; lastKnownFileType = sourcecode.swift; path = CoreDataStorageTests.swift; sourceTree = "<group>"; };
		85D8693029E597FB0073DCF4 /* StateDatabase.xcdatamodel */ = {isa = PBXFileReference; lastKnownFileType = wrapper.xcdatamodel; path = StateDatabase.xcdatamodel; sourceTree = "<group>"; };
		85D8693429E59ACF0073DCF4 /* StorageProtocol.swift */ = {isa = PBXFileReference; lastKnownFileType = sourcecode.swift; path = StorageProtocol.swift; sourceTree = "<group>"; };
		85D8693629E59B390073DCF4 /* GameStateEntity.swift */ = {isa = PBXFileReference; lastKnownFileType = sourcecode.swift; path = GameStateEntity.swift; sourceTree = "<group>"; };
		85D8693829E59B410073DCF4 /* RuneEntity.swift */ = {isa = PBXFileReference; lastKnownFileType = sourcecode.swift; path = RuneEntity.swift; sourceTree = "<group>"; };
		85D8693A29E59C460073DCF4 /* CoreDataPersistentContainer.swift */ = {isa = PBXFileReference; lastKnownFileType = sourcecode.swift; path = CoreDataPersistentContainer.swift; sourceTree = "<group>"; };
		85D8693D29E59D590073DCF4 /* CoreDataStorage.swift */ = {isa = PBXFileReference; lastKnownFileType = sourcecode.swift; path = CoreDataStorage.swift; sourceTree = "<group>"; };
		85D8693F29E59E670073DCF4 /* AddGameStateUseCase.swift */ = {isa = PBXFileReference; lastKnownFileType = sourcecode.swift; path = AddGameStateUseCase.swift; sourceTree = "<group>"; };
		85D8694129E59F1E0073DCF4 /* AddRuneUseCase.swift */ = {isa = PBXFileReference; lastKnownFileType = sourcecode.swift; path = AddRuneUseCase.swift; sourceTree = "<group>"; };
		85D8694329E59F3A0073DCF4 /* RemoveGameStateUseCase.swift */ = {isa = PBXFileReference; lastKnownFileType = sourcecode.swift; path = RemoveGameStateUseCase.swift; sourceTree = "<group>"; };
		85D8694529E59F4F0073DCF4 /* UpdateGameStateUseCase.swift */ = {isa = PBXFileReference; lastKnownFileType = sourcecode.swift; path = UpdateGameStateUseCase.swift; sourceTree = "<group>"; };
		85D8694929E59F8D0073DCF4 /* UpdateRuneUseCase.swift */ = {isa = PBXFileReference; lastKnownFileType = sourcecode.swift; path = UpdateRuneUseCase.swift; sourceTree = "<group>"; };
		85D8694B29E59F970073DCF4 /* RemoveRuneUseCase.swift */ = {isa = PBXFileReference; lastKnownFileType = sourcecode.swift; path = RemoveRuneUseCase.swift; sourceTree = "<group>"; };
		85D8694D29E5A0960073DCF4 /* StateRepository.swift */ = {isa = PBXFileReference; lastKnownFileType = sourcecode.swift; path = StateRepository.swift; sourceTree = "<group>"; };
		85D8695C29E5A93E0073DCF4 /* ReadGameStateUseCase.swift */ = {isa = PBXFileReference; lastKnownFileType = sourcecode.swift; path = ReadGameStateUseCase.swift; sourceTree = "<group>"; };
		85D8695E29E5A9480073DCF4 /* ReadRuneUseCase.swift */ = {isa = PBXFileReference; lastKnownFileType = sourcecode.swift; path = ReadRuneUseCase.swift; sourceTree = "<group>"; };
		85F3A31629DAFCA90097579B /* Lyra.app */ = {isa = PBXFileReference; explicitFileType = wrapper.application; includeInIndex = 0; path = Lyra.app; sourceTree = BUILT_PRODUCTS_DIR; };
		85F3A31929DAFCA90097579B /* LyraApp.swift */ = {isa = PBXFileReference; lastKnownFileType = sourcecode.swift; path = LyraApp.swift; sourceTree = "<group>"; };
		85F3A31B29DAFCA90097579B /* ContentView.swift */ = {isa = PBXFileReference; lastKnownFileType = sourcecode.swift; path = ContentView.swift; sourceTree = "<group>"; };
		85F3A31D29DAFCAB0097579B /* Assets.xcassets */ = {isa = PBXFileReference; lastKnownFileType = folder.assetcatalog; path = Assets.xcassets; sourceTree = "<group>"; };
		85F3A32029DAFCAB0097579B /* Preview Assets.xcassets */ = {isa = PBXFileReference; lastKnownFileType = folder.assetcatalog; path = "Preview Assets.xcassets"; sourceTree = "<group>"; };
		85F3A32629DAFCAB0097579B /* LyraTests.xctest */ = {isa = PBXFileReference; explicitFileType = wrapper.cfbundle; includeInIndex = 0; path = LyraTests.xctest; sourceTree = BUILT_PRODUCTS_DIR; };
		85F3A32A29DAFCAB0097579B /* LyraTests.swift */ = {isa = PBXFileReference; lastKnownFileType = sourcecode.swift; path = LyraTests.swift; sourceTree = "<group>"; };
		85F3A33029DAFCAB0097579B /* LyraUITests.xctest */ = {isa = PBXFileReference; explicitFileType = wrapper.cfbundle; includeInIndex = 0; path = LyraUITests.xctest; sourceTree = BUILT_PRODUCTS_DIR; };
		85F3A33429DAFCAB0097579B /* LyraUITests.swift */ = {isa = PBXFileReference; lastKnownFileType = sourcecode.swift; path = LyraUITests.swift; sourceTree = "<group>"; };
		85F3A33629DAFCAB0097579B /* LyraUITestsLaunchTests.swift */ = {isa = PBXFileReference; lastKnownFileType = sourcecode.swift; path = LyraUITestsLaunchTests.swift; sourceTree = "<group>"; };
		B96311C629E588890006944B /* LevelsView.swift */ = {isa = PBXFileReference; lastKnownFileType = sourcecode.swift; path = LevelsView.swift; sourceTree = "<group>"; };
		B98CF62F29E96FFF005EF304 /* LevelsViewModel.swift */ = {isa = PBXFileReference; lastKnownFileType = sourcecode.swift; path = LevelsViewModel.swift; sourceTree = "<group>"; };
/* End PBXFileReference section */

/* Begin PBXFrameworksBuildPhase section */
		85F3A31329DAFCA90097579B /* Frameworks */ = {
			isa = PBXFrameworksBuildPhase;
			buildActionMask = 2147483647;
			files = (
			);
			runOnlyForDeploymentPostprocessing = 0;
		};
		85F3A32329DAFCAB0097579B /* Frameworks */ = {
			isa = PBXFrameworksBuildPhase;
			buildActionMask = 2147483647;
			files = (
			);
			runOnlyForDeploymentPostprocessing = 0;
		};
		85F3A32D29DAFCAB0097579B /* Frameworks */ = {
			isa = PBXFrameworksBuildPhase;
			buildActionMask = 2147483647;
			files = (
			);
			runOnlyForDeploymentPostprocessing = 0;
		};
/* End PBXFrameworksBuildPhase section */

/* Begin PBXGroup section */
		4F15570429E5DD9D00B16345 /* IntroCutscene */ = {
			isa = PBXGroup;
			children = (
				4FEFF32329E641FC0046BAA2 /* View */,
			);
			path = IntroCutscene;
			sourceTree = "<group>";
		};
		4FB4411529E44874002F6CC2 /* Presentation */ = {
			isa = PBXGroup;
			children = (
				4FDC130129E58611002FA49F /* Scenes */,
				4FB4412B29E4524F002F6CC2 /* Helpers */,
			);
			path = Presentation;
			sourceTree = "<group>";
		};
		4FB4411629E44880002F6CC2 /* Cockpit */ = {
			isa = PBXGroup;
			children = (
				4FB4411D29E44B42002F6CC2 /* ViewController */,
				4FB4411829E448B4002F6CC2 /* ViewModel */,
				4FB4411729E448AD002F6CC2 /* View */,
			);
			path = Cockpit;
			sourceTree = "<group>";
		};
		4FB4411729E448AD002F6CC2 /* View */ = {
			isa = PBXGroup;
			children = (
				4FB4412A29E44E76002F6CC2 /* Nodes */,
				4FB4411929E448EE002F6CC2 /* CockpitView.swift */,
				4FB4411B29E44A04002F6CC2 /* CockpitRepresentable.swift */,
				4FB4412829E44DF4002F6CC2 /* GameScene.swift */,
			);
			path = View;
			sourceTree = "<group>";
		};
		4FB4411829E448B4002F6CC2 /* ViewModel */ = {
			isa = PBXGroup;
			children = (
			);
			path = ViewModel;
			sourceTree = "<group>";
		};
		4FB4411D29E44B42002F6CC2 /* ViewController */ = {
			isa = PBXGroup;
			children = (
				4FB4411E29E44B6E002F6CC2 /* CockpitViewController.swift */,
			);
			path = ViewController;
			sourceTree = "<group>";
		};
		4FB4412A29E44E76002F6CC2 /* Nodes */ = {
			isa = PBXGroup;
			children = (
			);
			path = Nodes;
			sourceTree = "<group>";
		};
		4FB4412B29E4524F002F6CC2 /* Helpers */ = {
			isa = PBXGroup;
			children = (
				4FEEE0EC29F7FC0A0092A6F5 /* Gestures */,
				4FDC130929E59D28002FA49F /* Fonts */,
				4FB4412C29E45271002F6CC2 /* ViewCodeProtocol.swift */,
			);
			path = Helpers;
			sourceTree = "<group>";
		};
		4FDC130129E58611002FA49F /* Scenes */ = {
			isa = PBXGroup;
			children = (
				4FE52D6029F94577000EFE59 /* Tutorial */,
				B96311C329E588560006944B /* Levels */,
				4F15570429E5DD9D00B16345 /* IntroCutscene */,
				4FDC130229E58642002FA49F /* Start */,
				4FB4411629E44880002F6CC2 /* Cockpit */,
			);
			path = Scenes;
			sourceTree = "<group>";
		};
		4FDC130229E58642002FA49F /* Start */ = {
			isa = PBXGroup;
			children = (
				4FDC130429E5881F002FA49F /* ViewModel */,
				4FDC130329E58819002FA49F /* View */,
			);
			path = Start;
			sourceTree = "<group>";
		};
		4FDC130329E58819002FA49F /* View */ = {
			isa = PBXGroup;
			children = (
				4FDC130529E58887002FA49F /* StartScreen.swift */,
			);
			path = View;
			sourceTree = "<group>";
		};
		4FDC130429E5881F002FA49F /* ViewModel */ = {
			isa = PBXGroup;
			children = (
			);
			path = ViewModel;
			sourceTree = "<group>";
		};
		4FDC130929E59D28002FA49F /* Fonts */ = {
			isa = PBXGroup;
			children = (
				4FDC130B29E59E5E002FA49F /* Coustard-Black.ttf */,
				4FE52D6429F94D40000EFE59 /* NotoSans-Regular.ttf */,
				4FDC130C29E59E5E002FA49F /* Coustard-Regular.ttf */,
			);
			path = Fonts;
			sourceTree = "<group>";
		};
		4FE52D6029F94577000EFE59 /* Tutorial */ = {
			isa = PBXGroup;
			children = (
				4FE52D6129F945C4000EFE59 /* View */,
			);
			path = Tutorial;
			sourceTree = "<group>";
		};
		4FE52D6129F945C4000EFE59 /* View */ = {
			isa = PBXGroup;
			children = (
				4FE52D6229F945D2000EFE59 /* TutorialRuneView.swift */,
			);
			path = View;
			sourceTree = "<group>";
		};
		4FEEE0EC29F7FC0A0092A6F5 /* Gestures */ = {
			isa = PBXGroup;
			children = (
				4FEEE0ED29F7FC160092A6F5 /* SowiluGesture.swift */,
				4FEEE0EF29F7FEB30092A6F5 /* UruzGesture.swift */,
				4FC97E9129F8156600D1B35D /* KaunaGesture.swift */,
			);
			path = Gestures;
			sourceTree = "<group>";
		};
		4FEFF32329E641FC0046BAA2 /* View */ = {
			isa = PBXGroup;
			children = (
				4F15570529E5DDC800B16345 /* CutsceneView.swift */,
				4FEFF32429E642A40046BAA2 /* IntroCutscene01.swift */,
				4F49108E29F6A9610071BA0E /* IntroCutscene02.swift */,
				4F49108F29F6A9610071BA0E /* IntroCutscene03.swift */,
				4F49109029F6A9610071BA0E /* IntroCutscene04.swift */,
			);
			path = View;
			sourceTree = "<group>";
		};
		8504BB2A29E6506900692D15 /* Data */ = {
			isa = PBXGroup;
			children = (
				8504BB2B29E6507500692D15 /* Storages */,
			);
			path = Data;
			sourceTree = "<group>";
		};
		8504BB2B29E6507500692D15 /* Storages */ = {
			isa = PBXGroup;
			children = (
				8504BB2C29E6509F00692D15 /* CoreDataStorageTests.swift */,
			);
			path = Storages;
			sourceTree = "<group>";
		};
		85D8692729E588B20073DCF4 /* Domain */ = {
			isa = PBXGroup;
			children = (
				85D8692A29E588CA0073DCF4 /* EntitiesDTO */,
				85D8692929E588C40073DCF4 /* UseCases */,
			);
			path = Domain;
			sourceTree = "<group>";
		};
		85D8692829E588BF0073DCF4 /* Data */ = {
			isa = PBXGroup;
			children = (
				85D8693329E59AB20073DCF4 /* Protocols */,
				85D8693C29E59D100073DCF4 /* Containers */,
				85D8692C29E588EA0073DCF4 /* Storages */,
				85D8692B29E588D40073DCF4 /* Repositories */,
			);
			path = Data;
			sourceTree = "<group>";
		};
		85D8692929E588C40073DCF4 /* UseCases */ = {
			isa = PBXGroup;
			children = (
				85D8694829E59F660073DCF4 /* Rune */,
				85D8694729E59F530073DCF4 /* GameState */,
			);
			path = UseCases;
			sourceTree = "<group>";
		};
		85D8692A29E588CA0073DCF4 /* EntitiesDTO */ = {
			isa = PBXGroup;
			children = (
				85D8693629E59B390073DCF4 /* GameStateEntity.swift */,
				85D8693829E59B410073DCF4 /* RuneEntity.swift */,
			);
			path = EntitiesDTO;
			sourceTree = "<group>";
		};
		85D8692B29E588D40073DCF4 /* Repositories */ = {
			isa = PBXGroup;
			children = (
				85D8694D29E5A0960073DCF4 /* StateRepository.swift */,
			);
			path = Repositories;
			sourceTree = "<group>";
		};
		85D8692C29E588EA0073DCF4 /* Storages */ = {
			isa = PBXGroup;
			children = (
				85D8693D29E59D590073DCF4 /* CoreDataStorage.swift */,
			);
			path = Storages;
			sourceTree = "<group>";
		};
		85D8692D29E597D00073DCF4 /* Application */ = {
			isa = PBXGroup;
			children = (
				85F3A31B29DAFCA90097579B /* ContentView.swift */,
				85F3A31929DAFCA90097579B /* LyraApp.swift */,
			);
			path = Application;
			sourceTree = "<group>";
		};
		85D8692E29E597DC0073DCF4 /* Resources */ = {
			isa = PBXGroup;
			children = (
				4FC8658929E9990C00488FAE /* mySound.m4a */,
				85F3A31D29DAFCAB0097579B /* Assets.xcassets */,
				85D8692F29E597FB0073DCF4 /* StateDatabase.xcdatamodeld */,
			);
			path = Resources;
			sourceTree = "<group>";
		};
		85D8693329E59AB20073DCF4 /* Protocols */ = {
			isa = PBXGroup;
			children = (
				85D8693429E59ACF0073DCF4 /* StorageProtocol.swift */,
			);
			path = Protocols;
			sourceTree = "<group>";
		};
		85D8693C29E59D100073DCF4 /* Containers */ = {
			isa = PBXGroup;
			children = (
				85D8693A29E59C460073DCF4 /* CoreDataPersistentContainer.swift */,
			);
			path = Containers;
			sourceTree = "<group>";
		};
		85D8694729E59F530073DCF4 /* GameState */ = {
			isa = PBXGroup;
			children = (
				85D8693F29E59E670073DCF4 /* AddGameStateUseCase.swift */,
				85D8694529E59F4F0073DCF4 /* UpdateGameStateUseCase.swift */,
				85D8694329E59F3A0073DCF4 /* RemoveGameStateUseCase.swift */,
				85D8695C29E5A93E0073DCF4 /* ReadGameStateUseCase.swift */,
			);
			path = GameState;
			sourceTree = "<group>";
		};
		85D8694829E59F660073DCF4 /* Rune */ = {
			isa = PBXGroup;
			children = (
				85D8694129E59F1E0073DCF4 /* AddRuneUseCase.swift */,
				85D8694929E59F8D0073DCF4 /* UpdateRuneUseCase.swift */,
				85D8694B29E59F970073DCF4 /* RemoveRuneUseCase.swift */,
				85D8695E29E5A9480073DCF4 /* ReadRuneUseCase.swift */,
			);
			path = Rune;
			sourceTree = "<group>";
		};
		85F3A30D29DAFCA90097579B = {
			isa = PBXGroup;
			children = (
				85F3A31829DAFCA90097579B /* Lyra */,
				85F3A32929DAFCAB0097579B /* LyraTests */,
				85F3A33329DAFCAB0097579B /* LyraUITests */,
				85F3A31729DAFCA90097579B /* Products */,
			);
			sourceTree = "<group>";
		};
		85F3A31729DAFCA90097579B /* Products */ = {
			isa = PBXGroup;
			children = (
				85F3A31629DAFCA90097579B /* Lyra.app */,
				85F3A32629DAFCAB0097579B /* LyraTests.xctest */,
				85F3A33029DAFCAB0097579B /* LyraUITests.xctest */,
			);
			name = Products;
			sourceTree = "<group>";
		};
		85F3A31829DAFCA90097579B /* Lyra */ = {
			isa = PBXGroup;
			children = (
				85D8692E29E597DC0073DCF4 /* Resources */,
				85D8692D29E597D00073DCF4 /* Application */,
				85D8692829E588BF0073DCF4 /* Data */,
				85D8692729E588B20073DCF4 /* Domain */,
				4FDC130A29E59D69002FA49F /* Info.plist */,
				4FB4411529E44874002F6CC2 /* Presentation */,
				85F3A31F29DAFCAB0097579B /* Preview Content */,
			);
			path = Lyra;
			sourceTree = "<group>";
		};
		85F3A31F29DAFCAB0097579B /* Preview Content */ = {
			isa = PBXGroup;
			children = (
				85F3A32029DAFCAB0097579B /* Preview Assets.xcassets */,
			);
			path = "Preview Content";
			sourceTree = "<group>";
		};
		85F3A32929DAFCAB0097579B /* LyraTests */ = {
			isa = PBXGroup;
			children = (
				8504BB2A29E6506900692D15 /* Data */,
				85F3A32A29DAFCAB0097579B /* LyraTests.swift */,
			);
			path = LyraTests;
			sourceTree = "<group>";
		};
		85F3A33329DAFCAB0097579B /* LyraUITests */ = {
			isa = PBXGroup;
			children = (
				85F3A33429DAFCAB0097579B /* LyraUITests.swift */,
				85F3A33629DAFCAB0097579B /* LyraUITestsLaunchTests.swift */,
			);
			path = LyraUITests;
			sourceTree = "<group>";
		};
		B96311C329E588560006944B /* Levels */ = {
			isa = PBXGroup;
			children = (
				B96311C529E5886F0006944B /* ViewModel */,
				B96311C429E588630006944B /* View */,
			);
			path = Levels;
			sourceTree = "<group>";
		};
		B96311C429E588630006944B /* View */ = {
			isa = PBXGroup;
			children = (
				B96311C629E588890006944B /* LevelsView.swift */,
			);
			path = View;
			sourceTree = "<group>";
		};
		B96311C529E5886F0006944B /* ViewModel */ = {
			isa = PBXGroup;
			children = (
				B98CF62F29E96FFF005EF304 /* LevelsViewModel.swift */,
			);
			path = ViewModel;
			sourceTree = "<group>";
		};
/* End PBXGroup section */

/* Begin PBXNativeTarget section */
		85F3A31529DAFCA90097579B /* Lyra */ = {
			isa = PBXNativeTarget;
			buildConfigurationList = 85F3A33A29DAFCAB0097579B /* Build configuration list for PBXNativeTarget "Lyra" */;
			buildPhases = (
				85F3A31229DAFCA90097579B /* Sources */,
				85F3A31329DAFCA90097579B /* Frameworks */,
				85F3A31429DAFCA90097579B /* Resources */,
			);
			buildRules = (
			);
			dependencies = (
			);
			name = Lyra;
			productName = Lyra;
			productReference = 85F3A31629DAFCA90097579B /* Lyra.app */;
			productType = "com.apple.product-type.application";
		};
		85F3A32529DAFCAB0097579B /* LyraTests */ = {
			isa = PBXNativeTarget;
			buildConfigurationList = 85F3A33D29DAFCAB0097579B /* Build configuration list for PBXNativeTarget "LyraTests" */;
			buildPhases = (
				85F3A32229DAFCAB0097579B /* Sources */,
				85F3A32329DAFCAB0097579B /* Frameworks */,
				85F3A32429DAFCAB0097579B /* Resources */,
			);
			buildRules = (
			);
			dependencies = (
				85F3A32829DAFCAB0097579B /* PBXTargetDependency */,
			);
			name = LyraTests;
			productName = LyraTests;
			productReference = 85F3A32629DAFCAB0097579B /* LyraTests.xctest */;
			productType = "com.apple.product-type.bundle.unit-test";
		};
		85F3A32F29DAFCAB0097579B /* LyraUITests */ = {
			isa = PBXNativeTarget;
			buildConfigurationList = 85F3A34029DAFCAB0097579B /* Build configuration list for PBXNativeTarget "LyraUITests" */;
			buildPhases = (
				85F3A32C29DAFCAB0097579B /* Sources */,
				85F3A32D29DAFCAB0097579B /* Frameworks */,
				85F3A32E29DAFCAB0097579B /* Resources */,
			);
			buildRules = (
			);
			dependencies = (
				85F3A33229DAFCAB0097579B /* PBXTargetDependency */,
			);
			name = LyraUITests;
			productName = LyraUITests;
			productReference = 85F3A33029DAFCAB0097579B /* LyraUITests.xctest */;
			productType = "com.apple.product-type.bundle.ui-testing";
		};
/* End PBXNativeTarget section */

/* Begin PBXProject section */
		85F3A30E29DAFCA90097579B /* Project object */ = {
			isa = PBXProject;
			attributes = {
				BuildIndependentTargetsInParallel = 1;
				LastSwiftUpdateCheck = 1410;
				LastUpgradeCheck = 1410;
				TargetAttributes = {
					85F3A31529DAFCA90097579B = {
						CreatedOnToolsVersion = 14.1;
					};
					85F3A32529DAFCAB0097579B = {
						CreatedOnToolsVersion = 14.1;
						TestTargetID = 85F3A31529DAFCA90097579B;
					};
					85F3A32F29DAFCAB0097579B = {
						CreatedOnToolsVersion = 14.1;
						TestTargetID = 85F3A31529DAFCA90097579B;
					};
				};
			};
			buildConfigurationList = 85F3A31129DAFCA90097579B /* Build configuration list for PBXProject "Lyra" */;
			compatibilityVersion = "Xcode 14.0";
			developmentRegion = en;
			hasScannedForEncodings = 0;
			knownRegions = (
				en,
				Base,
			);
			mainGroup = 85F3A30D29DAFCA90097579B;
			productRefGroup = 85F3A31729DAFCA90097579B /* Products */;
			projectDirPath = "";
			projectRoot = "";
			targets = (
				85F3A31529DAFCA90097579B /* Lyra */,
				85F3A32529DAFCAB0097579B /* LyraTests */,
				85F3A32F29DAFCAB0097579B /* LyraUITests */,
			);
		};
/* End PBXProject section */

/* Begin PBXResourcesBuildPhase section */
		85F3A31429DAFCA90097579B /* Resources */ = {
			isa = PBXResourcesBuildPhase;
			buildActionMask = 2147483647;
			files = (
				4FE52D6529F94D40000EFE59 /* NotoSans-Regular.ttf in Resources */,
				4FDC130E29E59E5E002FA49F /* Coustard-Regular.ttf in Resources */,
				4FDC130D29E59E5E002FA49F /* Coustard-Black.ttf in Resources */,
				85F3A32129DAFCAB0097579B /* Preview Assets.xcassets in Resources */,
				4FC8658A29E9990C00488FAE /* mySound.m4a in Resources */,
				85F3A31E29DAFCAB0097579B /* Assets.xcassets in Resources */,
			);
			runOnlyForDeploymentPostprocessing = 0;
		};
		85F3A32429DAFCAB0097579B /* Resources */ = {
			isa = PBXResourcesBuildPhase;
			buildActionMask = 2147483647;
			files = (
			);
			runOnlyForDeploymentPostprocessing = 0;
		};
		85F3A32E29DAFCAB0097579B /* Resources */ = {
			isa = PBXResourcesBuildPhase;
			buildActionMask = 2147483647;
			files = (
			);
			runOnlyForDeploymentPostprocessing = 0;
		};
/* End PBXResourcesBuildPhase section */

/* Begin PBXSourcesBuildPhase section */
		85F3A31229DAFCA90097579B /* Sources */ = {
			isa = PBXSourcesBuildPhase;
			buildActionMask = 2147483647;
			files = (
				4F49109129F6A9610071BA0E /* IntroCutscene02.swift in Sources */,
				4FEEE0F029F7FEB30092A6F5 /* UruzGesture.swift in Sources */,
				4F49109229F6A9610071BA0E /* IntroCutscene03.swift in Sources */,
				4FEEE0EE29F7FC160092A6F5 /* SowiluGesture.swift in Sources */,
				4F49109329F6A9610071BA0E /* IntroCutscene04.swift in Sources */,
				85D8693B29E59C460073DCF4 /* CoreDataPersistentContainer.swift in Sources */,
				4FE52D6329F945D2000EFE59 /* TutorialRuneView.swift in Sources */,
				85D8693929E59B410073DCF4 /* RuneEntity.swift in Sources */,
				85D8694A29E59F8D0073DCF4 /* UpdateRuneUseCase.swift in Sources */,
				85D8693129E597FB0073DCF4 /* StateDatabase.xcdatamodeld in Sources */,
				4FB4412929E44DF4002F6CC2 /* GameScene.swift in Sources */,
				85D8694E29E5A0960073DCF4 /* StateRepository.swift in Sources */,
				85D8695D29E5A93E0073DCF4 /* ReadGameStateUseCase.swift in Sources */,
				B96311C729E588890006944B /* LevelsView.swift in Sources */,
				85F3A31C29DAFCA90097579B /* ContentView.swift in Sources */,
				85D8694229E59F1E0073DCF4 /* AddRuneUseCase.swift in Sources */,
				85D8694029E59E670073DCF4 /* AddGameStateUseCase.swift in Sources */,
				85D8694C29E59F970073DCF4 /* RemoveRuneUseCase.swift in Sources */,
				4FDC130629E58887002FA49F /* StartScreen.swift in Sources */,
				4FEFF32529E642A40046BAA2 /* IntroCutscene01.swift in Sources */,
				4FC97E9229F8156600D1B35D /* KaunaGesture.swift in Sources */,
				4FB4411A29E448EE002F6CC2 /* CockpitView.swift in Sources */,
				4F15570629E5DDC800B16345 /* CutsceneView.swift in Sources */,
				4FB4411C29E44A04002F6CC2 /* CockpitRepresentable.swift in Sources */,
				85D8694429E59F3A0073DCF4 /* RemoveGameStateUseCase.swift in Sources */,
				85D8693E29E59D590073DCF4 /* CoreDataStorage.swift in Sources */,
				85D8695F29E5A9480073DCF4 /* ReadRuneUseCase.swift in Sources */,
				4FB4412D29E45271002F6CC2 /* ViewCodeProtocol.swift in Sources */,
				85D8694629E59F4F0073DCF4 /* UpdateGameStateUseCase.swift in Sources */,
				4FB4411F29E44B6E002F6CC2 /* CockpitViewController.swift in Sources */,
				85D8693729E59B390073DCF4 /* GameStateEntity.swift in Sources */,
				85D8693529E59ACF0073DCF4 /* StorageProtocol.swift in Sources */,
				85F3A31A29DAFCA90097579B /* LyraApp.swift in Sources */,
				B98CF63029E96FFF005EF304 /* LevelsViewModel.swift in Sources */,
			);
			runOnlyForDeploymentPostprocessing = 0;
		};
		85F3A32229DAFCAB0097579B /* Sources */ = {
			isa = PBXSourcesBuildPhase;
			buildActionMask = 2147483647;
			files = (
				8504BB2D29E6509F00692D15 /* CoreDataStorageTests.swift in Sources */,
				85F3A32B29DAFCAB0097579B /* LyraTests.swift in Sources */,
			);
			runOnlyForDeploymentPostprocessing = 0;
		};
		85F3A32C29DAFCAB0097579B /* Sources */ = {
			isa = PBXSourcesBuildPhase;
			buildActionMask = 2147483647;
			files = (
				85F3A33729DAFCAB0097579B /* LyraUITestsLaunchTests.swift in Sources */,
				85F3A33529DAFCAB0097579B /* LyraUITests.swift in Sources */,
			);
			runOnlyForDeploymentPostprocessing = 0;
		};
/* End PBXSourcesBuildPhase section */

/* Begin PBXTargetDependency section */
		85F3A32829DAFCAB0097579B /* PBXTargetDependency */ = {
			isa = PBXTargetDependency;
			target = 85F3A31529DAFCA90097579B /* Lyra */;
			targetProxy = 85F3A32729DAFCAB0097579B /* PBXContainerItemProxy */;
		};
		85F3A33229DAFCAB0097579B /* PBXTargetDependency */ = {
			isa = PBXTargetDependency;
			target = 85F3A31529DAFCA90097579B /* Lyra */;
			targetProxy = 85F3A33129DAFCAB0097579B /* PBXContainerItemProxy */;
		};
/* End PBXTargetDependency section */

/* Begin XCBuildConfiguration section */
		85F3A33829DAFCAB0097579B /* Debug */ = {
			isa = XCBuildConfiguration;
			buildSettings = {
				ALWAYS_SEARCH_USER_PATHS = NO;
				CLANG_ANALYZER_NONNULL = YES;
				CLANG_ANALYZER_NUMBER_OBJECT_CONVERSION = YES_AGGRESSIVE;
				CLANG_CXX_LANGUAGE_STANDARD = "gnu++20";
				CLANG_ENABLE_MODULES = YES;
				CLANG_ENABLE_OBJC_ARC = YES;
				CLANG_ENABLE_OBJC_WEAK = YES;
				CLANG_WARN_BLOCK_CAPTURE_AUTORELEASING = YES;
				CLANG_WARN_BOOL_CONVERSION = YES;
				CLANG_WARN_COMMA = YES;
				CLANG_WARN_CONSTANT_CONVERSION = YES;
				CLANG_WARN_DEPRECATED_OBJC_IMPLEMENTATIONS = YES;
				CLANG_WARN_DIRECT_OBJC_ISA_USAGE = YES_ERROR;
				CLANG_WARN_DOCUMENTATION_COMMENTS = YES;
				CLANG_WARN_EMPTY_BODY = YES;
				CLANG_WARN_ENUM_CONVERSION = YES;
				CLANG_WARN_INFINITE_RECURSION = YES;
				CLANG_WARN_INT_CONVERSION = YES;
				CLANG_WARN_NON_LITERAL_NULL_CONVERSION = YES;
				CLANG_WARN_OBJC_IMPLICIT_RETAIN_SELF = YES;
				CLANG_WARN_OBJC_LITERAL_CONVERSION = YES;
				CLANG_WARN_OBJC_ROOT_CLASS = YES_ERROR;
				CLANG_WARN_QUOTED_INCLUDE_IN_FRAMEWORK_HEADER = YES;
				CLANG_WARN_RANGE_LOOP_ANALYSIS = YES;
				CLANG_WARN_STRICT_PROTOTYPES = YES;
				CLANG_WARN_SUSPICIOUS_MOVE = YES;
				CLANG_WARN_UNGUARDED_AVAILABILITY = YES_AGGRESSIVE;
				CLANG_WARN_UNREACHABLE_CODE = YES;
				CLANG_WARN__DUPLICATE_METHOD_MATCH = YES;
				COPY_PHASE_STRIP = NO;
				DEBUG_INFORMATION_FORMAT = dwarf;
				ENABLE_STRICT_OBJC_MSGSEND = YES;
				ENABLE_TESTABILITY = YES;
				GCC_C_LANGUAGE_STANDARD = gnu11;
				GCC_DYNAMIC_NO_PIC = NO;
				GCC_NO_COMMON_BLOCKS = YES;
				GCC_OPTIMIZATION_LEVEL = 0;
				GCC_PREPROCESSOR_DEFINITIONS = (
					"DEBUG=1",
					"$(inherited)",
				);
				GCC_WARN_64_TO_32_BIT_CONVERSION = YES;
				GCC_WARN_ABOUT_RETURN_TYPE = YES_ERROR;
				GCC_WARN_UNDECLARED_SELECTOR = YES;
				GCC_WARN_UNINITIALIZED_AUTOS = YES_AGGRESSIVE;
				GCC_WARN_UNUSED_FUNCTION = YES;
				GCC_WARN_UNUSED_VARIABLE = YES;
				IPHONEOS_DEPLOYMENT_TARGET = 16.1;
				MTL_ENABLE_DEBUG_INFO = INCLUDE_SOURCE;
				MTL_FAST_MATH = YES;
				ONLY_ACTIVE_ARCH = YES;
				SDKROOT = iphoneos;
				SWIFT_ACTIVE_COMPILATION_CONDITIONS = DEBUG;
				SWIFT_OPTIMIZATION_LEVEL = "-Onone";
			};
			name = Debug;
		};
		85F3A33929DAFCAB0097579B /* Release */ = {
			isa = XCBuildConfiguration;
			buildSettings = {
				ALWAYS_SEARCH_USER_PATHS = NO;
				CLANG_ANALYZER_NONNULL = YES;
				CLANG_ANALYZER_NUMBER_OBJECT_CONVERSION = YES_AGGRESSIVE;
				CLANG_CXX_LANGUAGE_STANDARD = "gnu++20";
				CLANG_ENABLE_MODULES = YES;
				CLANG_ENABLE_OBJC_ARC = YES;
				CLANG_ENABLE_OBJC_WEAK = YES;
				CLANG_WARN_BLOCK_CAPTURE_AUTORELEASING = YES;
				CLANG_WARN_BOOL_CONVERSION = YES;
				CLANG_WARN_COMMA = YES;
				CLANG_WARN_CONSTANT_CONVERSION = YES;
				CLANG_WARN_DEPRECATED_OBJC_IMPLEMENTATIONS = YES;
				CLANG_WARN_DIRECT_OBJC_ISA_USAGE = YES_ERROR;
				CLANG_WARN_DOCUMENTATION_COMMENTS = YES;
				CLANG_WARN_EMPTY_BODY = YES;
				CLANG_WARN_ENUM_CONVERSION = YES;
				CLANG_WARN_INFINITE_RECURSION = YES;
				CLANG_WARN_INT_CONVERSION = YES;
				CLANG_WARN_NON_LITERAL_NULL_CONVERSION = YES;
				CLANG_WARN_OBJC_IMPLICIT_RETAIN_SELF = YES;
				CLANG_WARN_OBJC_LITERAL_CONVERSION = YES;
				CLANG_WARN_OBJC_ROOT_CLASS = YES_ERROR;
				CLANG_WARN_QUOTED_INCLUDE_IN_FRAMEWORK_HEADER = YES;
				CLANG_WARN_RANGE_LOOP_ANALYSIS = YES;
				CLANG_WARN_STRICT_PROTOTYPES = YES;
				CLANG_WARN_SUSPICIOUS_MOVE = YES;
				CLANG_WARN_UNGUARDED_AVAILABILITY = YES_AGGRESSIVE;
				CLANG_WARN_UNREACHABLE_CODE = YES;
				CLANG_WARN__DUPLICATE_METHOD_MATCH = YES;
				COPY_PHASE_STRIP = NO;
				DEBUG_INFORMATION_FORMAT = "dwarf-with-dsym";
				ENABLE_NS_ASSERTIONS = NO;
				ENABLE_STRICT_OBJC_MSGSEND = YES;
				GCC_C_LANGUAGE_STANDARD = gnu11;
				GCC_NO_COMMON_BLOCKS = YES;
				GCC_WARN_64_TO_32_BIT_CONVERSION = YES;
				GCC_WARN_ABOUT_RETURN_TYPE = YES_ERROR;
				GCC_WARN_UNDECLARED_SELECTOR = YES;
				GCC_WARN_UNINITIALIZED_AUTOS = YES_AGGRESSIVE;
				GCC_WARN_UNUSED_FUNCTION = YES;
				GCC_WARN_UNUSED_VARIABLE = YES;
				IPHONEOS_DEPLOYMENT_TARGET = 16.1;
				MTL_ENABLE_DEBUG_INFO = NO;
				MTL_FAST_MATH = YES;
				SDKROOT = iphoneos;
				SWIFT_COMPILATION_MODE = wholemodule;
				SWIFT_OPTIMIZATION_LEVEL = "-O";
				VALIDATE_PRODUCT = YES;
			};
			name = Release;
		};
		85F3A33B29DAFCAB0097579B /* Debug */ = {
			isa = XCBuildConfiguration;
			buildSettings = {
				ASSETCATALOG_COMPILER_APPICON_NAME = AppIcon;
				ASSETCATALOG_COMPILER_GLOBAL_ACCENT_COLOR_NAME = AccentColor;
				CODE_SIGN_STYLE = Automatic;
				CURRENT_PROJECT_VERSION = 1;
				DEVELOPMENT_ASSET_PATHS = "\"Lyra/Preview Content\"";
				DEVELOPMENT_TEAM = 949BRFMFQG;
				ENABLE_PREVIEWS = YES;
				GENERATE_INFOPLIST_FILE = YES;
				INFOPLIST_FILE = Lyra/Info.plist;
				INFOPLIST_KEY_LSApplicationCategoryType = "";
				INFOPLIST_KEY_UIApplicationSceneManifest_Generation = YES;
				INFOPLIST_KEY_UIApplicationSupportsIndirectInputEvents = YES;
				INFOPLIST_KEY_UILaunchScreen_Generation = YES;
				INFOPLIST_KEY_UIRequiresFullScreen = YES;
				INFOPLIST_KEY_UISupportedInterfaceOrientations = "UIInterfaceOrientationLandscapeLeft UIInterfaceOrientationLandscapeRight";
				LD_RUNPATH_SEARCH_PATHS = (
					"$(inherited)",
					"@executable_path/Frameworks",
				);
				MARKETING_VERSION = 1.0;
				PRODUCT_BUNDLE_IDENTIFIER = joanwmoliveira.Lyra;
				PRODUCT_NAME = "$(TARGET_NAME)";
				SWIFT_EMIT_LOC_STRINGS = YES;
				SWIFT_VERSION = 5.0;
				TARGETED_DEVICE_FAMILY = "1,2";
			};
			name = Debug;
		};
		85F3A33C29DAFCAB0097579B /* Release */ = {
			isa = XCBuildConfiguration;
			buildSettings = {
				ASSETCATALOG_COMPILER_APPICON_NAME = AppIcon;
				ASSETCATALOG_COMPILER_GLOBAL_ACCENT_COLOR_NAME = AccentColor;
				CODE_SIGN_STYLE = Automatic;
				CURRENT_PROJECT_VERSION = 1;
				DEVELOPMENT_ASSET_PATHS = "\"Lyra/Preview Content\"";
				DEVELOPMENT_TEAM = 949BRFMFQG;
				ENABLE_PREVIEWS = YES;
				GENERATE_INFOPLIST_FILE = YES;
				INFOPLIST_FILE = Lyra/Info.plist;
				INFOPLIST_KEY_LSApplicationCategoryType = "";
				INFOPLIST_KEY_UIApplicationSceneManifest_Generation = YES;
				INFOPLIST_KEY_UIApplicationSupportsIndirectInputEvents = YES;
				INFOPLIST_KEY_UILaunchScreen_Generation = YES;
				INFOPLIST_KEY_UIRequiresFullScreen = YES;
				INFOPLIST_KEY_UISupportedInterfaceOrientations = "UIInterfaceOrientationLandscapeLeft UIInterfaceOrientationLandscapeRight";
				LD_RUNPATH_SEARCH_PATHS = (
					"$(inherited)",
					"@executable_path/Frameworks",
				);
				MARKETING_VERSION = 1.0;
				PRODUCT_BUNDLE_IDENTIFIER = joanwmoliveira.Lyra;
				PRODUCT_NAME = "$(TARGET_NAME)";
				SWIFT_EMIT_LOC_STRINGS = YES;
				SWIFT_VERSION = 5.0;
				TARGETED_DEVICE_FAMILY = "1,2";
			};
			name = Release;
		};
		85F3A33E29DAFCAB0097579B /* Debug */ = {
			isa = XCBuildConfiguration;
			buildSettings = {
				ALWAYS_EMBED_SWIFT_STANDARD_LIBRARIES = YES;
				BUNDLE_LOADER = "$(TEST_HOST)";
				CODE_SIGN_STYLE = Automatic;
				CURRENT_PROJECT_VERSION = 1;
				DEVELOPMENT_TEAM = F2MBMJ3PK6;
				GENERATE_INFOPLIST_FILE = YES;
				IPHONEOS_DEPLOYMENT_TARGET = 16.1;
				MARKETING_VERSION = 1.0;
				PRODUCT_BUNDLE_IDENTIFIER = joanwmoliveira.LyraTests;
				PRODUCT_NAME = "$(TARGET_NAME)";
				SWIFT_EMIT_LOC_STRINGS = NO;
				SWIFT_VERSION = 5.0;
				TARGETED_DEVICE_FAMILY = "1,2";
				TEST_HOST = "$(BUILT_PRODUCTS_DIR)/Lyra.app/$(BUNDLE_EXECUTABLE_FOLDER_PATH)/Lyra";
			};
			name = Debug;
		};
		85F3A33F29DAFCAB0097579B /* Release */ = {
			isa = XCBuildConfiguration;
			buildSettings = {
				ALWAYS_EMBED_SWIFT_STANDARD_LIBRARIES = YES;
				BUNDLE_LOADER = "$(TEST_HOST)";
				CODE_SIGN_STYLE = Automatic;
				CURRENT_PROJECT_VERSION = 1;
				DEVELOPMENT_TEAM = F2MBMJ3PK6;
				GENERATE_INFOPLIST_FILE = YES;
				IPHONEOS_DEPLOYMENT_TARGET = 16.1;
				MARKETING_VERSION = 1.0;
				PRODUCT_BUNDLE_IDENTIFIER = joanwmoliveira.LyraTests;
				PRODUCT_NAME = "$(TARGET_NAME)";
				SWIFT_EMIT_LOC_STRINGS = NO;
				SWIFT_VERSION = 5.0;
				TARGETED_DEVICE_FAMILY = "1,2";
				TEST_HOST = "$(BUILT_PRODUCTS_DIR)/Lyra.app/$(BUNDLE_EXECUTABLE_FOLDER_PATH)/Lyra";
			};
			name = Release;
		};
		85F3A34129DAFCAB0097579B /* Debug */ = {
			isa = XCBuildConfiguration;
			buildSettings = {
				ALWAYS_EMBED_SWIFT_STANDARD_LIBRARIES = YES;
				CODE_SIGN_STYLE = Automatic;
				CURRENT_PROJECT_VERSION = 1;
				DEVELOPMENT_TEAM = F2MBMJ3PK6;
				GENERATE_INFOPLIST_FILE = YES;
				MARKETING_VERSION = 1.0;
				PRODUCT_BUNDLE_IDENTIFIER = joanwmoliveira.LyraUITests;
				PRODUCT_NAME = "$(TARGET_NAME)";
				SWIFT_EMIT_LOC_STRINGS = NO;
				SWIFT_VERSION = 5.0;
				TARGETED_DEVICE_FAMILY = "1,2";
				TEST_TARGET_NAME = Lyra;
			};
			name = Debug;
		};
		85F3A34229DAFCAB0097579B /* Release */ = {
			isa = XCBuildConfiguration;
			buildSettings = {
				ALWAYS_EMBED_SWIFT_STANDARD_LIBRARIES = YES;
				CODE_SIGN_STYLE = Automatic;
				CURRENT_PROJECT_VERSION = 1;
				DEVELOPMENT_TEAM = F2MBMJ3PK6;
				GENERATE_INFOPLIST_FILE = YES;
				MARKETING_VERSION = 1.0;
				PRODUCT_BUNDLE_IDENTIFIER = joanwmoliveira.LyraUITests;
				PRODUCT_NAME = "$(TARGET_NAME)";
				SWIFT_EMIT_LOC_STRINGS = NO;
				SWIFT_VERSION = 5.0;
				TARGETED_DEVICE_FAMILY = "1,2";
				TEST_TARGET_NAME = Lyra;
			};
			name = Release;
		};
/* End XCBuildConfiguration section */

/* Begin XCConfigurationList section */
		85F3A31129DAFCA90097579B /* Build configuration list for PBXProject "Lyra" */ = {
			isa = XCConfigurationList;
			buildConfigurations = (
				85F3A33829DAFCAB0097579B /* Debug */,
				85F3A33929DAFCAB0097579B /* Release */,
			);
			defaultConfigurationIsVisible = 0;
			defaultConfigurationName = Release;
		};
		85F3A33A29DAFCAB0097579B /* Build configuration list for PBXNativeTarget "Lyra" */ = {
			isa = XCConfigurationList;
			buildConfigurations = (
				85F3A33B29DAFCAB0097579B /* Debug */,
				85F3A33C29DAFCAB0097579B /* Release */,
			);
			defaultConfigurationIsVisible = 0;
			defaultConfigurationName = Release;
		};
		85F3A33D29DAFCAB0097579B /* Build configuration list for PBXNativeTarget "LyraTests" */ = {
			isa = XCConfigurationList;
			buildConfigurations = (
				85F3A33E29DAFCAB0097579B /* Debug */,
				85F3A33F29DAFCAB0097579B /* Release */,
			);
			defaultConfigurationIsVisible = 0;
			defaultConfigurationName = Release;
		};
		85F3A34029DAFCAB0097579B /* Build configuration list for PBXNativeTarget "LyraUITests" */ = {
			isa = XCConfigurationList;
			buildConfigurations = (
				85F3A34129DAFCAB0097579B /* Debug */,
				85F3A34229DAFCAB0097579B /* Release */,
			);
			defaultConfigurationIsVisible = 0;
			defaultConfigurationName = Release;
		};
/* End XCConfigurationList section */

/* Begin XCVersionGroup section */
		85D8692F29E597FB0073DCF4 /* StateDatabase.xcdatamodeld */ = {
			isa = XCVersionGroup;
			children = (
				85D8693029E597FB0073DCF4 /* StateDatabase.xcdatamodel */,
			);
			currentVersion = 85D8693029E597FB0073DCF4 /* StateDatabase.xcdatamodel */;
			path = StateDatabase.xcdatamodeld;
			sourceTree = "<group>";
			versionGroupType = wrapper.xcdatamodel;
		};
/* End XCVersionGroup section */
	};
	rootObject = 85F3A30E29DAFCA90097579B /* Project object */;
}
